// !$*UTF8*$!
{
	archiveVersion = 1;
	classes = {
	};
	objectVersion = 56;
	objects = {

/* Begin PBXBuildFile section */
		73043928295DD4AB005BE71D /* waterJudgeApp.swift in Sources */ = {isa = PBXBuildFile; fileRef = 73043927295DD4AB005BE71D /* waterJudgeApp.swift */; };
		7304392A295DD4AB005BE71D /* MainTabView.swift in Sources */ = {isa = PBXBuildFile; fileRef = 73043929295DD4AB005BE71D /* MainTabView.swift */; };
		7304392C295DD4AD005BE71D /* Assets.xcassets in Resources */ = {isa = PBXBuildFile; fileRef = 7304392B295DD4AD005BE71D /* Assets.xcassets */; };
		7304392F295DD4AD005BE71D /* Preview Assets.xcassets in Resources */ = {isa = PBXBuildFile; fileRef = 7304392E295DD4AD005BE71D /* Preview Assets.xcassets */; };
		73043939295DD4AE005BE71D /* waterJudgeTests.swift in Sources */ = {isa = PBXBuildFile; fileRef = 73043938295DD4AE005BE71D /* waterJudgeTests.swift */; };
		73043943295DD4AE005BE71D /* waterJudgeUITests.swift in Sources */ = {isa = PBXBuildFile; fileRef = 73043942295DD4AE005BE71D /* waterJudgeUITests.swift */; };
		73043945295DD4AE005BE71D /* waterJudgeUITestsLaunchTests.swift in Sources */ = {isa = PBXBuildFile; fileRef = 73043944295DD4AE005BE71D /* waterJudgeUITestsLaunchTests.swift */; };
		73043952295DD9CF005BE71D /* TopView.swift in Sources */ = {isa = PBXBuildFile; fileRef = 73043951295DD9CF005BE71D /* TopView.swift */; };
		73043954295DD9E9005BE71D /* VoteView.swift in Sources */ = {isa = PBXBuildFile; fileRef = 73043953295DD9E9005BE71D /* VoteView.swift */; };
		73043956295EB1FE005BE71D /* CommentListView.swift in Sources */ = {isa = PBXBuildFile; fileRef = 73043955295EB1FE005BE71D /* CommentListView.swift */; };
		73043959295EB25A005BE71D /* RankModel.swift in Sources */ = {isa = PBXBuildFile; fileRef = 73043958295EB25A005BE71D /* RankModel.swift */; };
		7304395C295EB3F4005BE71D /* RankCellView.swift in Sources */ = {isa = PBXBuildFile; fileRef = 7304395B295EB3F4005BE71D /* RankCellView.swift */; };
		7304395E295EB650005BE71D /* CommentCellView.swift in Sources */ = {isa = PBXBuildFile; fileRef = 7304395D295EB650005BE71D /* CommentCellView.swift */; };
		73043960295EB6BB005BE71D /* VoteModel.swift in Sources */ = {isa = PBXBuildFile; fileRef = 7304395F295EB6BB005BE71D /* VoteModel.swift */; };
		73043962295EBBD6005BE71D /* EditUserInfoView.swift in Sources */ = {isa = PBXBuildFile; fileRef = 73043961295EBBD6005BE71D /* EditUserInfoView.swift */; };
		73043964295EBD40005BE71D /* UserModel.swift in Sources */ = {isa = PBXBuildFile; fileRef = 73043963295EBD40005BE71D /* UserModel.swift */; };
		7304396C29647C79005BE71D /* prefecture.json in Resources */ = {isa = PBXBuildFile; fileRef = 7304396B29647C79005BE71D /* prefecture.json */; };
		7304396E29652574005BE71D /* PrefectureModel.swift in Sources */ = {isa = PBXBuildFile; fileRef = 7304396D29652574005BE71D /* PrefectureModel.swift */; };
		730439712965493C005BE71D /* UserNameRow.swift in Sources */ = {isa = PBXBuildFile; fileRef = 730439702965493C005BE71D /* UserNameRow.swift */; };
		73043973296549BD005BE71D /* UserPrefectureRow.swift in Sources */ = {isa = PBXBuildFile; fileRef = 73043972296549BD005BE71D /* UserPrefectureRow.swift */; };
		73043975296549D7005BE71D /* UserMunicipalityRow.swift in Sources */ = {isa = PBXBuildFile; fileRef = 73043974296549D7005BE71D /* UserMunicipalityRow.swift */; };
		7322A1BA2965C627008743F2 /* VoteSliderView.swift in Sources */ = {isa = PBXBuildFile; fileRef = 7322A1B92965C627008743F2 /* VoteSliderView.swift */; };
		7322A1BD296810C7008743F2 /* TimelineView.swift in Sources */ = {isa = PBXBuildFile; fileRef = 7322A1BC296810C7008743F2 /* TimelineView.swift */; };
		7322A1BF2968146D008743F2 /* ScoreModel.swift in Sources */ = {isa = PBXBuildFile; fileRef = 7322A1BE2968146D008743F2 /* ScoreModel.swift */; };
		73B789822969680800DDE361 /* UserRankView.swift in Sources */ = {isa = PBXBuildFile; fileRef = 73B789812969680800DDE361 /* UserRankView.swift */; };
/* End PBXBuildFile section */

/* Begin PBXContainerItemProxy section */
		73043935295DD4AE005BE71D /* PBXContainerItemProxy */ = {
			isa = PBXContainerItemProxy;
			containerPortal = 7304391C295DD4AB005BE71D /* Project object */;
			proxyType = 1;
			remoteGlobalIDString = 73043923295DD4AB005BE71D;
			remoteInfo = waterJudge;
		};
		7304393F295DD4AE005BE71D /* PBXContainerItemProxy */ = {
			isa = PBXContainerItemProxy;
			containerPortal = 7304391C295DD4AB005BE71D /* Project object */;
			proxyType = 1;
			remoteGlobalIDString = 73043923295DD4AB005BE71D;
			remoteInfo = waterJudge;
		};
/* End PBXContainerItemProxy section */

/* Begin PBXFileReference section */
		73043924295DD4AB005BE71D /* waterJudge.app */ = {isa = PBXFileReference; explicitFileType = wrapper.application; includeInIndex = 0; path = waterJudge.app; sourceTree = BUILT_PRODUCTS_DIR; };
		73043927295DD4AB005BE71D /* waterJudgeApp.swift */ = {isa = PBXFileReference; lastKnownFileType = sourcecode.swift; path = waterJudgeApp.swift; sourceTree = "<group>"; };
		73043929295DD4AB005BE71D /* MainTabView.swift */ = {isa = PBXFileReference; lastKnownFileType = sourcecode.swift; path = MainTabView.swift; sourceTree = "<group>"; };
		7304392B295DD4AD005BE71D /* Assets.xcassets */ = {isa = PBXFileReference; lastKnownFileType = folder.assetcatalog; path = Assets.xcassets; sourceTree = "<group>"; };
		7304392E295DD4AD005BE71D /* Preview Assets.xcassets */ = {isa = PBXFileReference; lastKnownFileType = folder.assetcatalog; path = "Preview Assets.xcassets"; sourceTree = "<group>"; };
		73043934295DD4AE005BE71D /* waterJudgeTests.xctest */ = {isa = PBXFileReference; explicitFileType = wrapper.cfbundle; includeInIndex = 0; path = waterJudgeTests.xctest; sourceTree = BUILT_PRODUCTS_DIR; };
		73043938295DD4AE005BE71D /* waterJudgeTests.swift */ = {isa = PBXFileReference; lastKnownFileType = sourcecode.swift; path = waterJudgeTests.swift; sourceTree = "<group>"; };
		7304393E295DD4AE005BE71D /* waterJudgeUITests.xctest */ = {isa = PBXFileReference; explicitFileType = wrapper.cfbundle; includeInIndex = 0; path = waterJudgeUITests.xctest; sourceTree = BUILT_PRODUCTS_DIR; };
		73043942295DD4AE005BE71D /* waterJudgeUITests.swift */ = {isa = PBXFileReference; lastKnownFileType = sourcecode.swift; path = waterJudgeUITests.swift; sourceTree = "<group>"; };
		73043944295DD4AE005BE71D /* waterJudgeUITestsLaunchTests.swift */ = {isa = PBXFileReference; lastKnownFileType = sourcecode.swift; path = waterJudgeUITestsLaunchTests.swift; sourceTree = "<group>"; };
		73043951295DD9CF005BE71D /* TopView.swift */ = {isa = PBXFileReference; lastKnownFileType = sourcecode.swift; path = TopView.swift; sourceTree = "<group>"; };
		73043953295DD9E9005BE71D /* VoteView.swift */ = {isa = PBXFileReference; lastKnownFileType = sourcecode.swift; path = VoteView.swift; sourceTree = "<group>"; };
		73043955295EB1FE005BE71D /* CommentListView.swift */ = {isa = PBXFileReference; lastKnownFileType = sourcecode.swift; path = CommentListView.swift; sourceTree = "<group>"; };
		73043958295EB25A005BE71D /* RankModel.swift */ = {isa = PBXFileReference; lastKnownFileType = sourcecode.swift; path = RankModel.swift; sourceTree = "<group>"; };
		7304395B295EB3F4005BE71D /* RankCellView.swift */ = {isa = PBXFileReference; lastKnownFileType = sourcecode.swift; path = RankCellView.swift; sourceTree = "<group>"; };
		7304395D295EB650005BE71D /* CommentCellView.swift */ = {isa = PBXFileReference; lastKnownFileType = sourcecode.swift; path = CommentCellView.swift; sourceTree = "<group>"; };
		7304395F295EB6BB005BE71D /* VoteModel.swift */ = {isa = PBXFileReference; lastKnownFileType = sourcecode.swift; path = VoteModel.swift; sourceTree = "<group>"; };
		73043961295EBBD6005BE71D /* EditUserInfoView.swift */ = {isa = PBXFileReference; lastKnownFileType = sourcecode.swift; path = EditUserInfoView.swift; sourceTree = "<group>"; };
		73043963295EBD40005BE71D /* UserModel.swift */ = {isa = PBXFileReference; lastKnownFileType = sourcecode.swift; path = UserModel.swift; sourceTree = "<group>"; };
		7304396B29647C79005BE71D /* prefecture.json */ = {isa = PBXFileReference; fileEncoding = 4; lastKnownFileType = text.json; path = prefecture.json; sourceTree = "<group>"; };
		7304396D29652574005BE71D /* PrefectureModel.swift */ = {isa = PBXFileReference; lastKnownFileType = sourcecode.swift; path = PrefectureModel.swift; sourceTree = "<group>"; };
		730439702965493C005BE71D /* UserNameRow.swift */ = {isa = PBXFileReference; lastKnownFileType = sourcecode.swift; path = UserNameRow.swift; sourceTree = "<group>"; };
		73043972296549BD005BE71D /* UserPrefectureRow.swift */ = {isa = PBXFileReference; lastKnownFileType = sourcecode.swift; path = UserPrefectureRow.swift; sourceTree = "<group>"; };
		73043974296549D7005BE71D /* UserMunicipalityRow.swift */ = {isa = PBXFileReference; lastKnownFileType = sourcecode.swift; path = UserMunicipalityRow.swift; sourceTree = "<group>"; };
		7322A1B92965C627008743F2 /* VoteSliderView.swift */ = {isa = PBXFileReference; lastKnownFileType = sourcecode.swift; path = VoteSliderView.swift; sourceTree = "<group>"; };
		7322A1BC296810C7008743F2 /* TimelineView.swift */ = {isa = PBXFileReference; lastKnownFileType = sourcecode.swift; path = TimelineView.swift; sourceTree = "<group>"; };
		7322A1BE2968146D008743F2 /* ScoreModel.swift */ = {isa = PBXFileReference; lastKnownFileType = sourcecode.swift; path = ScoreModel.swift; sourceTree = "<group>"; };
		73B789812969680800DDE361 /* UserRankView.swift */ = {isa = PBXFileReference; lastKnownFileType = sourcecode.swift; path = UserRankView.swift; sourceTree = "<group>"; };
/* End PBXFileReference section */

/* Begin PBXFrameworksBuildPhase section */
		73043921295DD4AB005BE71D /* Frameworks */ = {
			isa = PBXFrameworksBuildPhase;
			buildActionMask = 2147483647;
			files = (
			);
			runOnlyForDeploymentPostprocessing = 0;
		};
		73043931295DD4AD005BE71D /* Frameworks */ = {
			isa = PBXFrameworksBuildPhase;
			buildActionMask = 2147483647;
			files = (
			);
			runOnlyForDeploymentPostprocessing = 0;
		};
		7304393B295DD4AE005BE71D /* Frameworks */ = {
			isa = PBXFrameworksBuildPhase;
			buildActionMask = 2147483647;
			files = (
			);
			runOnlyForDeploymentPostprocessing = 0;
		};
/* End PBXFrameworksBuildPhase section */

/* Begin PBXGroup section */
		7304391B295DD4AB005BE71D = {
			isa = PBXGroup;
			children = (
				73043926295DD4AB005BE71D /* waterJudge */,
				73043937295DD4AE005BE71D /* waterJudgeTests */,
				73043941295DD4AE005BE71D /* waterJudgeUITests */,
				73043925295DD4AB005BE71D /* Products */,
			);
			sourceTree = "<group>";
		};
		73043925295DD4AB005BE71D /* Products */ = {
			isa = PBXGroup;
			children = (
				73043924295DD4AB005BE71D /* waterJudge.app */,
				73043934295DD4AE005BE71D /* waterJudgeTests.xctest */,
				7304393E295DD4AE005BE71D /* waterJudgeUITests.xctest */,
			);
			name = Products;
			sourceTree = "<group>";
		};
		73043926295DD4AB005BE71D /* waterJudge */ = {
			isa = PBXGroup;
			children = (
				7304396B29647C79005BE71D /* prefecture.json */,
				73043927295DD4AB005BE71D /* waterJudgeApp.swift */,
				73043957295EB249005BE71D /* Model */,
				7304395A295EB3C6005BE71D /* UI */,
				73043965296062D3005BE71D /* Top */,
				7304396A2961C777005BE71D /* Vote */,
				7304396F296533F0005BE71D /* EditProfile */,
				7322A1BB2968108C008743F2 /* Timeline */,
				73043929295DD4AB005BE71D /* MainTabView.swift */,
				73043955295EB1FE005BE71D /* CommentListView.swift */,
				7304392B295DD4AD005BE71D /* Assets.xcassets */,
				7304392D295DD4AD005BE71D /* Preview Content */,
			);
			path = waterJudge;
			sourceTree = "<group>";
		};
		7304392D295DD4AD005BE71D /* Preview Content */ = {
			isa = PBXGroup;
			children = (
				7304392E295DD4AD005BE71D /* Preview Assets.xcassets */,
			);
			path = "Preview Content";
			sourceTree = "<group>";
		};
		73043937295DD4AE005BE71D /* waterJudgeTests */ = {
			isa = PBXGroup;
			children = (
				73043938295DD4AE005BE71D /* waterJudgeTests.swift */,
			);
			path = waterJudgeTests;
			sourceTree = "<group>";
		};
		73043941295DD4AE005BE71D /* waterJudgeUITests */ = {
			isa = PBXGroup;
			children = (
				73043942295DD4AE005BE71D /* waterJudgeUITests.swift */,
				73043944295DD4AE005BE71D /* waterJudgeUITestsLaunchTests.swift */,
			);
			path = waterJudgeUITests;
			sourceTree = "<group>";
		};
		73043957295EB249005BE71D /* Model */ = {
			isa = PBXGroup;
			children = (
				73043958295EB25A005BE71D /* RankModel.swift */,
				7304395F295EB6BB005BE71D /* VoteModel.swift */,
				73043963295EBD40005BE71D /* UserModel.swift */,
				7304396D29652574005BE71D /* PrefectureModel.swift */,
				7322A1BE2968146D008743F2 /* ScoreModel.swift */,
			);
			path = Model;
			sourceTree = "<group>";
		};
		7304395A295EB3C6005BE71D /* UI */ = {
			isa = PBXGroup;
			children = (
				7304395B295EB3F4005BE71D /* RankCellView.swift */,
				7304395D295EB650005BE71D /* CommentCellView.swift */,
			);
			path = UI;
			sourceTree = "<group>";
		};
		73043965296062D3005BE71D /* Top */ = {
			isa = PBXGroup;
			children = (
				73043951295DD9CF005BE71D /* TopView.swift */,
				73B789812969680800DDE361 /* UserRankView.swift */,
			);
			path = Top;
			sourceTree = "<group>";
		};
		7304396A2961C777005BE71D /* Vote */ = {
			isa = PBXGroup;
			children = (
				73043953295DD9E9005BE71D /* VoteView.swift */,
				7322A1B92965C627008743F2 /* VoteSliderView.swift */,
			);
			path = Vote;
			sourceTree = "<group>";
		};
		7304396F296533F0005BE71D /* EditProfile */ = {
			isa = PBXGroup;
			children = (
				73043961295EBBD6005BE71D /* EditUserInfoView.swift */,
				730439702965493C005BE71D /* UserNameRow.swift */,
				73043972296549BD005BE71D /* UserPrefectureRow.swift */,
				73043974296549D7005BE71D /* UserMunicipalityRow.swift */,
			);
			path = EditProfile;
			sourceTree = "<group>";
		};
		7322A1BB2968108C008743F2 /* Timeline */ = {
			isa = PBXGroup;
			children = (
				7322A1BC296810C7008743F2 /* TimelineView.swift */,
			);
			path = Timeline;
			sourceTree = "<group>";
		};
/* End PBXGroup section */

/* Begin PBXNativeTarget section */
		73043923295DD4AB005BE71D /* waterJudge */ = {
			isa = PBXNativeTarget;
			buildConfigurationList = 73043948295DD4AE005BE71D /* Build configuration list for PBXNativeTarget "waterJudge" */;
			buildPhases = (
				73043920295DD4AB005BE71D /* Sources */,
				73043921295DD4AB005BE71D /* Frameworks */,
				73043922295DD4AB005BE71D /* Resources */,
			);
			buildRules = (
			);
			dependencies = (
			);
			name = waterJudge;
			productName = waterJudge;
			productReference = 73043924295DD4AB005BE71D /* waterJudge.app */;
			productType = "com.apple.product-type.application";
		};
		73043933295DD4AD005BE71D /* waterJudgeTests */ = {
			isa = PBXNativeTarget;
			buildConfigurationList = 7304394B295DD4AE005BE71D /* Build configuration list for PBXNativeTarget "waterJudgeTests" */;
			buildPhases = (
				73043930295DD4AD005BE71D /* Sources */,
				73043931295DD4AD005BE71D /* Frameworks */,
				73043932295DD4AD005BE71D /* Resources */,
			);
			buildRules = (
			);
			dependencies = (
				73043936295DD4AE005BE71D /* PBXTargetDependency */,
			);
			name = waterJudgeTests;
			productName = waterJudgeTests;
			productReference = 73043934295DD4AE005BE71D /* waterJudgeTests.xctest */;
			productType = "com.apple.product-type.bundle.unit-test";
		};
		7304393D295DD4AE005BE71D /* waterJudgeUITests */ = {
			isa = PBXNativeTarget;
			buildConfigurationList = 7304394E295DD4AE005BE71D /* Build configuration list for PBXNativeTarget "waterJudgeUITests" */;
			buildPhases = (
				7304393A295DD4AE005BE71D /* Sources */,
				7304393B295DD4AE005BE71D /* Frameworks */,
				7304393C295DD4AE005BE71D /* Resources */,
			);
			buildRules = (
			);
			dependencies = (
				73043940295DD4AE005BE71D /* PBXTargetDependency */,
			);
			name = waterJudgeUITests;
			productName = waterJudgeUITests;
			productReference = 7304393E295DD4AE005BE71D /* waterJudgeUITests.xctest */;
			productType = "com.apple.product-type.bundle.ui-testing";
		};
/* End PBXNativeTarget section */

/* Begin PBXProject section */
		7304391C295DD4AB005BE71D /* Project object */ = {
			isa = PBXProject;
			attributes = {
				BuildIndependentTargetsInParallel = 1;
				LastSwiftUpdateCheck = 1420;
				LastUpgradeCheck = 1420;
				TargetAttributes = {
					73043923295DD4AB005BE71D = {
						CreatedOnToolsVersion = 14.2;
					};
					73043933295DD4AD005BE71D = {
						CreatedOnToolsVersion = 14.2;
						TestTargetID = 73043923295DD4AB005BE71D;
					};
					7304393D295DD4AE005BE71D = {
						CreatedOnToolsVersion = 14.2;
						TestTargetID = 73043923295DD4AB005BE71D;
					};
				};
			};
			buildConfigurationList = 7304391F295DD4AB005BE71D /* Build configuration list for PBXProject "waterJudge" */;
			compatibilityVersion = "Xcode 14.0";
			developmentRegion = en;
			hasScannedForEncodings = 0;
			knownRegions = (
				en,
				Base,
			);
			mainGroup = 7304391B295DD4AB005BE71D;
			productRefGroup = 73043925295DD4AB005BE71D /* Products */;
			projectDirPath = "";
			projectRoot = "";
			targets = (
				73043923295DD4AB005BE71D /* waterJudge */,
				73043933295DD4AD005BE71D /* waterJudgeTests */,
				7304393D295DD4AE005BE71D /* waterJudgeUITests */,
			);
		};
/* End PBXProject section */

/* Begin PBXResourcesBuildPhase section */
		73043922295DD4AB005BE71D /* Resources */ = {
			isa = PBXResourcesBuildPhase;
			buildActionMask = 2147483647;
			files = (
				7304392F295DD4AD005BE71D /* Preview Assets.xcassets in Resources */,
				7304396C29647C79005BE71D /* prefecture.json in Resources */,
				7304392C295DD4AD005BE71D /* Assets.xcassets in Resources */,
			);
			runOnlyForDeploymentPostprocessing = 0;
		};
		73043932295DD4AD005BE71D /* Resources */ = {
			isa = PBXResourcesBuildPhase;
			buildActionMask = 2147483647;
			files = (
			);
			runOnlyForDeploymentPostprocessing = 0;
		};
		7304393C295DD4AE005BE71D /* Resources */ = {
			isa = PBXResourcesBuildPhase;
			buildActionMask = 2147483647;
			files = (
			);
			runOnlyForDeploymentPostprocessing = 0;
		};
/* End PBXResourcesBuildPhase section */

/* Begin PBXSourcesBuildPhase section */
		73043920295DD4AB005BE71D /* Sources */ = {
			isa = PBXSourcesBuildPhase;
			buildActionMask = 2147483647;
			files = (
				7304396E29652574005BE71D /* PrefectureModel.swift in Sources */,
				7322A1BA2965C627008743F2 /* VoteSliderView.swift in Sources */,
				7304392A295DD4AB005BE71D /* MainTabView.swift in Sources */,
				73043962295EBBD6005BE71D /* EditUserInfoView.swift in Sources */,
				73043960295EB6BB005BE71D /* VoteModel.swift in Sources */,
				7322A1BF2968146D008743F2 /* ScoreModel.swift in Sources */,
				73043956295EB1FE005BE71D /* CommentListView.swift in Sources */,
				73B789822969680800DDE361 /* UserRankView.swift in Sources */,
				730439712965493C005BE71D /* UserNameRow.swift in Sources */,
				73043952295DD9CF005BE71D /* TopView.swift in Sources */,
				73043954295DD9E9005BE71D /* VoteView.swift in Sources */,
				7304395C295EB3F4005BE71D /* RankCellView.swift in Sources */,
				73043928295DD4AB005BE71D /* waterJudgeApp.swift in Sources */,
				7322A1BD296810C7008743F2 /* TimelineView.swift in Sources */,
				7304395E295EB650005BE71D /* CommentCellView.swift in Sources */,
				73043975296549D7005BE71D /* UserMunicipalityRow.swift in Sources */,
				73043959295EB25A005BE71D /* RankModel.swift in Sources */,
				73043973296549BD005BE71D /* UserPrefectureRow.swift in Sources */,
				73043964295EBD40005BE71D /* UserModel.swift in Sources */,
			);
			runOnlyForDeploymentPostprocessing = 0;
		};
		73043930295DD4AD005BE71D /* Sources */ = {
			isa = PBXSourcesBuildPhase;
			buildActionMask = 2147483647;
			files = (
				73043939295DD4AE005BE71D /* waterJudgeTests.swift in Sources */,
			);
			runOnlyForDeploymentPostprocessing = 0;
		};
		7304393A295DD4AE005BE71D /* Sources */ = {
			isa = PBXSourcesBuildPhase;
			buildActionMask = 2147483647;
			files = (
				73043945295DD4AE005BE71D /* waterJudgeUITestsLaunchTests.swift in Sources */,
				73043943295DD4AE005BE71D /* waterJudgeUITests.swift in Sources */,
			);
			runOnlyForDeploymentPostprocessing = 0;
		};
/* End PBXSourcesBuildPhase section */

/* Begin PBXTargetDependency section */
		73043936295DD4AE005BE71D /* PBXTargetDependency */ = {
			isa = PBXTargetDependency;
			target = 73043923295DD4AB005BE71D /* waterJudge */;
			targetProxy = 73043935295DD4AE005BE71D /* PBXContainerItemProxy */;
		};
		73043940295DD4AE005BE71D /* PBXTargetDependency */ = {
			isa = PBXTargetDependency;
			target = 73043923295DD4AB005BE71D /* waterJudge */;
			targetProxy = 7304393F295DD4AE005BE71D /* PBXContainerItemProxy */;
		};
/* End PBXTargetDependency section */

/* Begin XCBuildConfiguration section */
		73043946295DD4AE005BE71D /* Debug */ = {
			isa = XCBuildConfiguration;
			buildSettings = {
				ALWAYS_SEARCH_USER_PATHS = NO;
				CLANG_ANALYZER_NONNULL = YES;
				CLANG_ANALYZER_NUMBER_OBJECT_CONVERSION = YES_AGGRESSIVE;
				CLANG_CXX_LANGUAGE_STANDARD = "gnu++20";
				CLANG_ENABLE_MODULES = YES;
				CLANG_ENABLE_OBJC_ARC = YES;
				CLANG_ENABLE_OBJC_WEAK = YES;
				CLANG_WARN_BLOCK_CAPTURE_AUTORELEASING = YES;
				CLANG_WARN_BOOL_CONVERSION = YES;
				CLANG_WARN_COMMA = YES;
				CLANG_WARN_CONSTANT_CONVERSION = YES;
				CLANG_WARN_DEPRECATED_OBJC_IMPLEMENTATIONS = YES;
				CLANG_WARN_DIRECT_OBJC_ISA_USAGE = YES_ERROR;
				CLANG_WARN_DOCUMENTATION_COMMENTS = YES;
				CLANG_WARN_EMPTY_BODY = YES;
				CLANG_WARN_ENUM_CONVERSION = YES;
				CLANG_WARN_INFINITE_RECURSION = YES;
				CLANG_WARN_INT_CONVERSION = YES;
				CLANG_WARN_NON_LITERAL_NULL_CONVERSION = YES;
				CLANG_WARN_OBJC_IMPLICIT_RETAIN_SELF = YES;
				CLANG_WARN_OBJC_LITERAL_CONVERSION = YES;
				CLANG_WARN_OBJC_ROOT_CLASS = YES_ERROR;
				CLANG_WARN_QUOTED_INCLUDE_IN_FRAMEWORK_HEADER = YES;
				CLANG_WARN_RANGE_LOOP_ANALYSIS = YES;
				CLANG_WARN_STRICT_PROTOTYPES = YES;
				CLANG_WARN_SUSPICIOUS_MOVE = YES;
				CLANG_WARN_UNGUARDED_AVAILABILITY = YES_AGGRESSIVE;
				CLANG_WARN_UNREACHABLE_CODE = YES;
				CLANG_WARN__DUPLICATE_METHOD_MATCH = YES;
				COPY_PHASE_STRIP = NO;
				DEBUG_INFORMATION_FORMAT = dwarf;
				ENABLE_STRICT_OBJC_MSGSEND = YES;
				ENABLE_TESTABILITY = YES;
				GCC_C_LANGUAGE_STANDARD = gnu11;
				GCC_DYNAMIC_NO_PIC = NO;
				GCC_NO_COMMON_BLOCKS = YES;
				GCC_OPTIMIZATION_LEVEL = 0;
				GCC_PREPROCESSOR_DEFINITIONS = (
					"DEBUG=1",
					"$(inherited)",
				);
				GCC_WARN_64_TO_32_BIT_CONVERSION = YES;
				GCC_WARN_ABOUT_RETURN_TYPE = YES_ERROR;
				GCC_WARN_UNDECLARED_SELECTOR = YES;
				GCC_WARN_UNINITIALIZED_AUTOS = YES_AGGRESSIVE;
				GCC_WARN_UNUSED_FUNCTION = YES;
				GCC_WARN_UNUSED_VARIABLE = YES;
				IPHONEOS_DEPLOYMENT_TARGET = 16.2;
				MTL_ENABLE_DEBUG_INFO = INCLUDE_SOURCE;
				MTL_FAST_MATH = YES;
				ONLY_ACTIVE_ARCH = YES;
				SDKROOT = iphoneos;
				SWIFT_ACTIVE_COMPILATION_CONDITIONS = DEBUG;
				SWIFT_OPTIMIZATION_LEVEL = "-Onone";
			};
			name = Debug;
		};
		73043947295DD4AE005BE71D /* Release */ = {
			isa = XCBuildConfiguration;
			buildSettings = {
				ALWAYS_SEARCH_USER_PATHS = NO;
				CLANG_ANALYZER_NONNULL = YES;
				CLANG_ANALYZER_NUMBER_OBJECT_CONVERSION = YES_AGGRESSIVE;
				CLANG_CXX_LANGUAGE_STANDARD = "gnu++20";
				CLANG_ENABLE_MODULES = YES;
				CLANG_ENABLE_OBJC_ARC = YES;
				CLANG_ENABLE_OBJC_WEAK = YES;
				CLANG_WARN_BLOCK_CAPTURE_AUTORELEASING = YES;
				CLANG_WARN_BOOL_CONVERSION = YES;
				CLANG_WARN_COMMA = YES;
				CLANG_WARN_CONSTANT_CONVERSION = YES;
				CLANG_WARN_DEPRECATED_OBJC_IMPLEMENTATIONS = YES;
				CLANG_WARN_DIRECT_OBJC_ISA_USAGE = YES_ERROR;
				CLANG_WARN_DOCUMENTATION_COMMENTS = YES;
				CLANG_WARN_EMPTY_BODY = YES;
				CLANG_WARN_ENUM_CONVERSION = YES;
				CLANG_WARN_INFINITE_RECURSION = YES;
				CLANG_WARN_INT_CONVERSION = YES;
				CLANG_WARN_NON_LITERAL_NULL_CONVERSION = YES;
				CLANG_WARN_OBJC_IMPLICIT_RETAIN_SELF = YES;
				CLANG_WARN_OBJC_LITERAL_CONVERSION = YES;
				CLANG_WARN_OBJC_ROOT_CLASS = YES_ERROR;
				CLANG_WARN_QUOTED_INCLUDE_IN_FRAMEWORK_HEADER = YES;
				CLANG_WARN_RANGE_LOOP_ANALYSIS = YES;
				CLANG_WARN_STRICT_PROTOTYPES = YES;
				CLANG_WARN_SUSPICIOUS_MOVE = YES;
				CLANG_WARN_UNGUARDED_AVAILABILITY = YES_AGGRESSIVE;
				CLANG_WARN_UNREACHABLE_CODE = YES;
				CLANG_WARN__DUPLICATE_METHOD_MATCH = YES;
				COPY_PHASE_STRIP = NO;
				DEBUG_INFORMATION_FORMAT = "dwarf-with-dsym";
				ENABLE_NS_ASSERTIONS = NO;
				ENABLE_STRICT_OBJC_MSGSEND = YES;
				GCC_C_LANGUAGE_STANDARD = gnu11;
				GCC_NO_COMMON_BLOCKS = YES;
				GCC_WARN_64_TO_32_BIT_CONVERSION = YES;
				GCC_WARN_ABOUT_RETURN_TYPE = YES_ERROR;
				GCC_WARN_UNDECLARED_SELECTOR = YES;
				GCC_WARN_UNINITIALIZED_AUTOS = YES_AGGRESSIVE;
				GCC_WARN_UNUSED_FUNCTION = YES;
				GCC_WARN_UNUSED_VARIABLE = YES;
				IPHONEOS_DEPLOYMENT_TARGET = 16.2;
				MTL_ENABLE_DEBUG_INFO = NO;
				MTL_FAST_MATH = YES;
				SDKROOT = iphoneos;
				SWIFT_COMPILATION_MODE = wholemodule;
				SWIFT_OPTIMIZATION_LEVEL = "-O";
				VALIDATE_PRODUCT = YES;
			};
			name = Release;
		};
		73043949295DD4AE005BE71D /* Debug */ = {
			isa = XCBuildConfiguration;
			buildSettings = {
				ASSETCATALOG_COMPILER_APPICON_NAME = AppIcon;
				ASSETCATALOG_COMPILER_GLOBAL_ACCENT_COLOR_NAME = AccentColor;
				CODE_SIGN_STYLE = Automatic;
				CURRENT_PROJECT_VERSION = 1;
				DEVELOPMENT_ASSET_PATHS = "\"waterJudge/Preview Content\"";
				DEVELOPMENT_TEAM = G9JXCB7X2L;
				ENABLE_PREVIEWS = YES;
				GENERATE_INFOPLIST_FILE = YES;
				INFOPLIST_KEY_UIApplicationSceneManifest_Generation = YES;
				INFOPLIST_KEY_UIApplicationSupportsIndirectInputEvents = YES;
				INFOPLIST_KEY_UILaunchScreen_Generation = YES;
				INFOPLIST_KEY_UISupportedInterfaceOrientations_iPad = "UIInterfaceOrientationPortrait UIInterfaceOrientationPortraitUpsideDown UIInterfaceOrientationLandscapeLeft UIInterfaceOrientationLandscapeRight";
				INFOPLIST_KEY_UISupportedInterfaceOrientations_iPhone = "UIInterfaceOrientationPortrait UIInterfaceOrientationLandscapeLeft UIInterfaceOrientationLandscapeRight";
				LD_RUNPATH_SEARCH_PATHS = (
					"$(inherited)",
					"@executable_path/Frameworks",
				);
				MARKETING_VERSION = 1.0;
				PRODUCT_BUNDLE_IDENTIFIER = com.KigyoClub.waterJudge;
				PRODUCT_NAME = "$(TARGET_NAME)";
				SWIFT_EMIT_LOC_STRINGS = YES;
				SWIFT_VERSION = 5.0;
				TARGETED_DEVICE_FAMILY = "1,2";
			};
			name = Debug;
		};
		7304394A295DD4AE005BE71D /* Release */ = {
			isa = XCBuildConfiguration;
			buildSettings = {
				ASSETCATALOG_COMPILER_APPICON_NAME = AppIcon;
				ASSETCATALOG_COMPILER_GLOBAL_ACCENT_COLOR_NAME = AccentColor;
				CODE_SIGN_STYLE = Automatic;
				CURRENT_PROJECT_VERSION = 1;
				DEVELOPMENT_ASSET_PATHS = "\"waterJudge/Preview Content\"";
				DEVELOPMENT_TEAM = G9JXCB7X2L;
				ENABLE_PREVIEWS = YES;
				GENERATE_INFOPLIST_FILE = YES;
				INFOPLIST_KEY_UIApplicationSceneManifest_Generation = YES;
				INFOPLIST_KEY_UIApplicationSupportsIndirectInputEvents = YES;
				INFOPLIST_KEY_UILaunchScreen_Generation = YES;
				INFOPLIST_KEY_UISupportedInterfaceOrientations_iPad = "UIInterfaceOrientationPortrait UIInterfaceOrientationPortraitUpsideDown UIInterfaceOrientationLandscapeLeft UIInterfaceOrientationLandscapeRight";
				INFOPLIST_KEY_UISupportedInterfaceOrientations_iPhone = "UIInterfaceOrientationPortrait UIInterfaceOrientationLandscapeLeft UIInterfaceOrientationLandscapeRight";
				LD_RUNPATH_SEARCH_PATHS = (
					"$(inherited)",
					"@executable_path/Frameworks",
				);
				MARKETING_VERSION = 1.0;
				PRODUCT_BUNDLE_IDENTIFIER = com.KigyoClub.waterJudge;
				PRODUCT_NAME = "$(TARGET_NAME)";
				SWIFT_EMIT_LOC_STRINGS = YES;
				SWIFT_VERSION = 5.0;
				TARGETED_DEVICE_FAMILY = "1,2";
			};
			name = Release;
		};
		7304394C295DD4AE005BE71D /* Debug */ = {
			isa = XCBuildConfiguration;
			buildSettings = {
				ALWAYS_EMBED_SWIFT_STANDARD_LIBRARIES = YES;
				BUNDLE_LOADER = "$(TEST_HOST)";
				CODE_SIGN_STYLE = Automatic;
				CURRENT_PROJECT_VERSION = 1;
				DEVELOPMENT_TEAM = G9JXCB7X2L;
				GENERATE_INFOPLIST_FILE = YES;
				IPHONEOS_DEPLOYMENT_TARGET = 16.2;
				MARKETING_VERSION = 1.0;
				PRODUCT_BUNDLE_IDENTIFIER = com.KigyoClub.waterJudgeTests;
				PRODUCT_NAME = "$(TARGET_NAME)";
				SWIFT_EMIT_LOC_STRINGS = NO;
				SWIFT_VERSION = 5.0;
				TARGETED_DEVICE_FAMILY = "1,2";
				TEST_HOST = "$(BUILT_PRODUCTS_DIR)/waterJudge.app/$(BUNDLE_EXECUTABLE_FOLDER_PATH)/waterJudge";
			};
			name = Debug;
		};
		7304394D295DD4AE005BE71D /* Release */ = {
			isa = XCBuildConfiguration;
			buildSettings = {
				ALWAYS_EMBED_SWIFT_STANDARD_LIBRARIES = YES;
				BUNDLE_LOADER = "$(TEST_HOST)";
				CODE_SIGN_STYLE = Automatic;
				CURRENT_PROJECT_VERSION = 1;
				DEVELOPMENT_TEAM = G9JXCB7X2L;
				GENERATE_INFOPLIST_FILE = YES;
				IPHONEOS_DEPLOYMENT_TARGET = 16.2;
				MARKETING_VERSION = 1.0;
				PRODUCT_BUNDLE_IDENTIFIER = com.KigyoClub.waterJudgeTests;
				PRODUCT_NAME = "$(TARGET_NAME)";
				SWIFT_EMIT_LOC_STRINGS = NO;
				SWIFT_VERSION = 5.0;
				TARGETED_DEVICE_FAMILY = "1,2";
				TEST_HOST = "$(BUILT_PRODUCTS_DIR)/waterJudge.app/$(BUNDLE_EXECUTABLE_FOLDER_PATH)/waterJudge";
			};
			name = Release;
		};
		7304394F295DD4AE005BE71D /* Debug */ = {
			isa = XCBuildConfiguration;
			buildSettings = {
				ALWAYS_EMBED_SWIFT_STANDARD_LIBRARIES = YES;
				CODE_SIGN_STYLE = Automatic;
				CURRENT_PROJECT_VERSION = 1;
				DEVELOPMENT_TEAM = G9JXCB7X2L;
				GENERATE_INFOPLIST_FILE = YES;
				MARKETING_VERSION = 1.0;
				PRODUCT_BUNDLE_IDENTIFIER = com.KigyoClub.waterJudgeUITests;
				PRODUCT_NAME = "$(TARGET_NAME)";
				SWIFT_EMIT_LOC_STRINGS = NO;
				SWIFT_VERSION = 5.0;
				TARGETED_DEVICE_FAMILY = "1,2";
				TEST_TARGET_NAME = waterJudge;
			};
			name = Debug;
		};
		73043950295DD4AE005BE71D /* Release */ = {
			isa = XCBuildConfiguration;
			buildSettings = {
				ALWAYS_EMBED_SWIFT_STANDARD_LIBRARIES = YES;
				CODE_SIGN_STYLE = Automatic;
				CURRENT_PROJECT_VERSION = 1;
				DEVELOPMENT_TEAM = G9JXCB7X2L;
				GENERATE_INFOPLIST_FILE = YES;
				MARKETING_VERSION = 1.0;
				PRODUCT_BUNDLE_IDENTIFIER = com.KigyoClub.waterJudgeUITests;
				PRODUCT_NAME = "$(TARGET_NAME)";
				SWIFT_EMIT_LOC_STRINGS = NO;
				SWIFT_VERSION = 5.0;
				TARGETED_DEVICE_FAMILY = "1,2";
				TEST_TARGET_NAME = waterJudge;
			};
			name = Release;
		};
/* End XCBuildConfiguration section */

/* Begin XCConfigurationList section */
		7304391F295DD4AB005BE71D /* Build configuration list for PBXProject "waterJudge" */ = {
			isa = XCConfigurationList;
			buildConfigurations = (
				73043946295DD4AE005BE71D /* Debug */,
				73043947295DD4AE005BE71D /* Release */,
			);
			defaultConfigurationIsVisible = 0;
			defaultConfigurationName = Release;
		};
		73043948295DD4AE005BE71D /* Build configuration list for PBXNativeTarget "waterJudge" */ = {
			isa = XCConfigurationList;
			buildConfigurations = (
				73043949295DD4AE005BE71D /* Debug */,
				7304394A295DD4AE005BE71D /* Release */,
			);
			defaultConfigurationIsVisible = 0;
			defaultConfigurationName = Release;
		};
		7304394B295DD4AE005BE71D /* Build configuration list for PBXNativeTarget "waterJudgeTests" */ = {
			isa = XCConfigurationList;
			buildConfigurations = (
				7304394C295DD4AE005BE71D /* Debug */,
				7304394D295DD4AE005BE71D /* Release */,
			);
			defaultConfigurationIsVisible = 0;
			defaultConfigurationName = Release;
		};
		7304394E295DD4AE005BE71D /* Build configuration list for PBXNativeTarget "waterJudgeUITests" */ = {
			isa = XCConfigurationList;
			buildConfigurations = (
				7304394F295DD4AE005BE71D /* Debug */,
				73043950295DD4AE005BE71D /* Release */,
			);
			defaultConfigurationIsVisible = 0;
			defaultConfigurationName = Release;
		};
/* End XCConfigurationList section */
	};
	rootObject = 7304391C295DD4AB005BE71D /* Project object */;
}
